
Microsoft Visual Studio Solution File, Format Version 12.00
# Visual Studio 2015
Project("{FAE04EC0-301F-11D3-BF4B-00C04F79EFBC}") = "Quill18's Tile Movement & Pathfinding Tutorial", "Quill18's Tile Movement & Pathfinding Tutorial.csproj", "{92677D76-BC65-4490-1341-2F4FFA670CD3}"
EndProject
Global
	GlobalSection(SolutionConfigurationPlatforms) = preSolution
		Debug|Any CPU = Debug|Any CPU
		Release|Any CPU = Release|Any CPU
	EndGlobalSection
	GlobalSection(ProjectConfigurationPlatforms) = postSolution
		{92677D76-BC65-4490-1341-2F4FFA670CD3}.Debug|Any CPU.ActiveCfg = Debug|Any CPU
		{92677D76-BC65-4490-1341-2F4FFA670CD3}.Debug|Any CPU.Build.0 = Debug|Any CPU
		{92677D76-BC65-4490-1341-2F4FFA670CD3}.Release|Any CPU.ActiveCfg = Release|Any CPU
		{92677D76-BC65-4490-1341-2F4FFA670CD3}.Release|Any CPU.Build.0 = Release|Any CPU
	EndGlobalSection
	GlobalSection(SolutionProperties) = preSolution
		HideSolutionNode = FALSE
	EndGlobalSection
EndGlobal
